# THIS IS AN AUTOGENERATED FILE. DO NOT EDIT THIS FILE DIRECTLY.
# yarn lockfile v1


dotenv@^8.2.0:
  version "8.2.0"
  resolved "https://registry.yarnpkg.com/dotenv/-/dotenv-8.2.0.tgz#97e619259ada750eea3e4ea3e26bceea5424b16a"
  integrity sha512-8sJ78ElpbDJBHNeBzUbUVLsqKdccaa/BXF1uPTw3GrvQTBgrQrtObr2mUrE38vzYd8cEv+m/JBfDLioYcfXoaw==

isexe@^2.0.0:
  version "2.0.0"
  resolved "https://registry.yarnpkg.com/isexe/-/isexe-2.0.0.tgz#e8fbf374dc556ff8947a10dcb0572d633f2cfa10"
  integrity sha1-6PvzdNxVb/iUehDcsFctYz8s+hA=

mute-stdout@^1.0.1:
  version "1.0.1"
  resolved "https://registry.yarnpkg.com/mute-stdout/-/mute-stdout-1.0.1.tgz#acb0300eb4de23a7ddeec014e3e96044b3472331"
  integrity sha512-kDcwXR4PS7caBpuRYYBUz9iVixUk3anO3f5OYFiIPwK/20vCzKCHyKoulbiDY1S53zD2bxUpxN/IJ+TnXjfvxg==

which@^2.0.2:
  version "2.0.2"
  resolved "https://registry.yarnpkg.com/which/-/which-2.0.2.tgz#7c6a8dd0a636a0327e10b59c9286eee93f3f51b1"
  integrity sha512-BLI3Tl1TW3Pvl70l3yq3Y64i+awpwXqsGBYWkkqMtnbXgrMD+yj7rhW0kuEDxzJaYXGjEW5ogapKNMEKNMjibA==
  dependencies:
    isexe "^2.0.0"

yarn-add-no-save@^1.0.3:
  version "1.0.3"
  resolved "https://registry.yarnpkg.com/yarn-add-no-save/-/yarn-add-no-save-1.0.3.tgz#03540f86802a46a86db83bc7357b248cd282315b"
  integrity sha512-ngmmxwYOogvYPjFDXGjoj35r/DteDzfiyoq5BI+kKSCCXW/I2gJA3KAgbm/7yFmcDE9CGSaORpNbYfglGYuxtA==
  dependencies:
    which "^2.0.2"
